
Microsoft Visual Studio Solution File, Format Version 12.00
# Visual Studio Version 17
VisualStudioVersion = 17.14.36121.58 d17.14
MinimumVisualStudioVersion = 10.0.40219.1
Project("{FAE04EC0-301F-11D3-BF4B-00C04F79EFBC}") = "Restaurant", "Restaurant\Restaurant.csproj", "{6070ABBB-DB02-4BAD-8E86-A1CB32A7A96E}"
EndProject
Global
	GlobalSection(SolutionConfigurationPlatforms) = preSolution
		Debug|Any CPU = Debug|Any CPU
		Release|Any CPU = Release|Any CPU
	EndGlobalSection
	GlobalSection(ProjectConfigurationPlatforms) = postSolution
		{6070ABBB-DB02-4BAD-8E86-A1CB32A7A96E}.Debug|Any CPU.ActiveCfg = Debug|Any CPU
		{6070ABBB-DB02-4BAD-8E86-A1CB32A7A96E}.Debug|Any CPU.Build.0 = Debug|Any CPU
		{6070ABBB-DB02-4BAD-8E86-A1CB32A7A96E}.Release|Any CPU.ActiveCfg = Release|Any CPU
		{6070ABBB-DB02-4BAD-8E86-A1CB32A7A96E}.Release|Any CPU.Build.0 = Release|Any CPU
	EndGlobalSection
	GlobalSection(SolutionProperties) = preSolution
		HideSolutionNode = FALSE
	EndGlobalSection
	GlobalSection(ExtensibilityGlobals) = postSolution
		SolutionGuid = {7B9C6721-622F-4040-A923-9BB397156F64}
	EndGlobalSection
EndGlobal
